
Microsoft Visual Studio Solution File, Format Version 12.00
# Visual Studio Version 17
VisualStudioVersion = 17.8.34330.188
MinimumVisualStudioVersion = 10.0.40219.1
Project("{9A19103F-16F7-4668-BE54-9A1E7A4F7556}") = "Core.Api", "Core.Api\Core.Api.csproj", "{DC3B9987-AE75-4612-B2F4-72BA65A56485}"
EndProject
Project("{9A19103F-16F7-4668-BE54-9A1E7A4F7556}") = "Core.Data", "Core.Data\Core.Data.csproj", "{3D4E93D7-2BFC-4C99-B76F-BF5F43E8611D}"
EndProject
Project("{9A19103F-16F7-4668-BE54-9A1E7A4F7556}") = "Core.Data.MongoDb", "Core.Data.MongoDb\Core.Data.MongoDb.csproj", "{76DA7D29-C55F-4A41-8CC0-2013FE58278D}"
EndProject
Project("{9A19103F-16F7-4668-BE54-9A1E7A4F7556}") = "Core.Dtos", "Core.Dtos\Core.Dtos.csproj", "{32F2811E-174F-4A4F-82D2-034AE7062332}"
EndProject
Project("{2150E333-8FDC-42A3-9474-1A3956D46DE8}") = "Core", "Core", "{78652819-E746-46C1-B3B4-5FFC52C078BC}"
EndProject
Project("{9A19103F-16F7-4668-BE54-9A1E7A4F7556}") = "Core.Host.Testing", "Core.Host.Testing\Core.Host.Testing.csproj", "{967DAA6D-4A81-4392-8829-22B5A1AD8A05}"
EndProject
Project("{9A19103F-16F7-4668-BE54-9A1E7A4F7556}") = "Core.Host.Testing.Api.MongoDb", "Core.Host.Testing.Api.MongoDb\Core.Host.Testing.Api.MongoDb.csproj", "{C68176AE-9011-4CE0-8511-120B980C03C7}"
EndProject
Project("{9A19103F-16F7-4668-BE54-9A1E7A4F7556}") = "Core.Proxying", "Core.Proxying\Core.Proxying.csproj", "{8EEC62A9-198F-4ABE-80C3-86219FB262C3}"
EndProject
Project("{9A19103F-16F7-4668-BE54-9A1E7A4F7556}") = "UseCase.Api", "UseCase.Api\UseCase.Api.csproj", "{87AA15E0-3071-49DC-AB4B-CD9127D9E72A}"
EndProject
Project("{9A19103F-16F7-4668-BE54-9A1E7A4F7556}") = "UseCase.Data", "UseCase.Data\UseCase.Data.csproj", "{BA5FB496-D847-4389-A49C-B1D020C7FDDE}"
EndProject
Project("{9A19103F-16F7-4668-BE54-9A1E7A4F7556}") = "UseCase.Data.MongoDb", "UseCase.Data.MongoDb\UseCase.Data.MongoDb.csproj", "{72D6BE31-65BC-4A30-8EE9-940F03C52D45}"
EndProject
Project("{9A19103F-16F7-4668-BE54-9A1E7A4F7556}") = "UseCase.Dtos", "UseCase.Dtos\UseCase.Dtos.csproj", "{D5D45216-018B-401F-80B0-6904F65D6C27}"
EndProject
Project("{9A19103F-16F7-4668-BE54-9A1E7A4F7556}") = "UseCase.Host", "UseCase.Host\UseCase.Host.csproj", "{6B1F172D-FF27-4A3D-99EE-4BE7BBED423D}"
EndProject
Project("{9A19103F-16F7-4668-BE54-9A1E7A4F7556}") = "UseCase.Host.Tests", "UseCase.Host.Tests\UseCase.Host.Tests.csproj", "{079F6B1C-89FD-437B-832D-DD78AF4EEA23}"
EndProject
Project("{9A19103F-16F7-4668-BE54-9A1E7A4F7556}") = "UseCase.Proxies", "UseCase.Proxies\UseCase.Proxies.csproj", "{B033D9EF-43AC-480F-84A1-7F2020DD71A7}"
EndProject
Global
	GlobalSection(SolutionConfigurationPlatforms) = preSolution
		Debug|Any CPU = Debug|Any CPU
		Release|Any CPU = Release|Any CPU
	EndGlobalSection
	GlobalSection(ProjectConfigurationPlatforms) = postSolution
		{DC3B9987-AE75-4612-B2F4-72BA65A56485}.Debug|Any CPU.ActiveCfg = Debug|Any CPU
		{DC3B9987-AE75-4612-B2F4-72BA65A56485}.Debug|Any CPU.Build.0 = Debug|Any CPU
		{DC3B9987-AE75-4612-B2F4-72BA65A56485}.Release|Any CPU.ActiveCfg = Release|Any CPU
		{DC3B9987-AE75-4612-B2F4-72BA65A56485}.Release|Any CPU.Build.0 = Release|Any CPU
		{3D4E93D7-2BFC-4C99-B76F-BF5F43E8611D}.Debug|Any CPU.ActiveCfg = Debug|Any CPU
		{3D4E93D7-2BFC-4C99-B76F-BF5F43E8611D}.Debug|Any CPU.Build.0 = Debug|Any CPU
		{3D4E93D7-2BFC-4C99-B76F-BF5F43E8611D}.Release|Any CPU.ActiveCfg = Release|Any CPU
		{3D4E93D7-2BFC-4C99-B76F-BF5F43E8611D}.Release|Any CPU.Build.0 = Release|Any CPU
		{76DA7D29-C55F-4A41-8CC0-2013FE58278D}.Debug|Any CPU.ActiveCfg = Debug|Any CPU
		{76DA7D29-C55F-4A41-8CC0-2013FE58278D}.Debug|Any CPU.Build.0 = Debug|Any CPU
		{76DA7D29-C55F-4A41-8CC0-2013FE58278D}.Release|Any CPU.ActiveCfg = Release|Any CPU
		{76DA7D29-C55F-4A41-8CC0-2013FE58278D}.Release|Any CPU.Build.0 = Release|Any CPU
		{32F2811E-174F-4A4F-82D2-034AE7062332}.Debug|Any CPU.ActiveCfg = Debug|Any CPU
		{32F2811E-174F-4A4F-82D2-034AE7062332}.Debug|Any CPU.Build.0 = Debug|Any CPU
		{32F2811E-174F-4A4F-82D2-034AE7062332}.Release|Any CPU.ActiveCfg = Release|Any CPU
		{32F2811E-174F-4A4F-82D2-034AE7062332}.Release|Any CPU.Build.0 = Release|Any CPU
		{967DAA6D-4A81-4392-8829-22B5A1AD8A05}.Debug|Any CPU.ActiveCfg = Debug|Any CPU
		{967DAA6D-4A81-4392-8829-22B5A1AD8A05}.Debug|Any CPU.Build.0 = Debug|Any CPU
		{967DAA6D-4A81-4392-8829-22B5A1AD8A05}.Release|Any CPU.ActiveCfg = Release|Any CPU
		{967DAA6D-4A81-4392-8829-22B5A1AD8A05}.Release|Any CPU.Build.0 = Release|Any CPU
		{C68176AE-9011-4CE0-8511-120B980C03C7}.Debug|Any CPU.ActiveCfg = Debug|Any CPU
		{C68176AE-9011-4CE0-8511-120B980C03C7}.Debug|Any CPU.Build.0 = Debug|Any CPU
		{C68176AE-9011-4CE0-8511-120B980C03C7}.Release|Any CPU.ActiveCfg = Release|Any CPU
		{C68176AE-9011-4CE0-8511-120B980C03C7}.Release|Any CPU.Build.0 = Release|Any CPU
		{8EEC62A9-198F-4ABE-80C3-86219FB262C3}.Debug|Any CPU.ActiveCfg = Debug|Any CPU
		{8EEC62A9-198F-4ABE-80C3-86219FB262C3}.Debug|Any CPU.Build.0 = Debug|Any CPU
		{8EEC62A9-198F-4ABE-80C3-86219FB262C3}.Release|Any CPU.ActiveCfg = Release|Any CPU
		{8EEC62A9-198F-4ABE-80C3-86219FB262C3}.Release|Any CPU.Build.0 = Release|Any CPU
		{87AA15E0-3071-49DC-AB4B-CD9127D9E72A}.Debug|Any CPU.ActiveCfg = Debug|Any CPU
		{87AA15E0-3071-49DC-AB4B-CD9127D9E72A}.Debug|Any CPU.Build.0 = Debug|Any CPU
		{87AA15E0-3071-49DC-AB4B-CD9127D9E72A}.Release|Any CPU.ActiveCfg = Release|Any CPU
		{87AA15E0-3071-49DC-AB4B-CD9127D9E72A}.Release|Any CPU.Build.0 = Release|Any CPU
		{BA5FB496-D847-4389-A49C-B1D020C7FDDE}.Debug|Any CPU.ActiveCfg = Debug|Any CPU
		{BA5FB496-D847-4389-A49C-B1D020C7FDDE}.Debug|Any CPU.Build.0 = Debug|Any CPU
		{BA5FB496-D847-4389-A49C-B1D020C7FDDE}.Release|Any CPU.ActiveCfg = Release|Any CPU
		{BA5FB496-D847-4389-A49C-B1D020C7FDDE}.Release|Any CPU.Build.0 = Release|Any CPU
		{72D6BE31-65BC-4A30-8EE9-940F03C52D45}.Debug|Any CPU.ActiveCfg = Debug|Any CPU
		{72D6BE31-65BC-4A30-8EE9-940F03C52D45}.Debug|Any CPU.Build.0 = Debug|Any CPU
		{72D6BE31-65BC-4A30-8EE9-940F03C52D45}.Release|Any CPU.ActiveCfg = Release|Any CPU
		{72D6BE31-65BC-4A30-8EE9-940F03C52D45}.Release|Any CPU.Build.0 = Release|Any CPU
		{D5D45216-018B-401F-80B0-6904F65D6C27}.Debug|Any CPU.ActiveCfg = Debug|Any CPU
		{D5D45216-018B-401F-80B0-6904F65D6C27}.Debug|Any CPU.Build.0 = Debug|Any CPU
		{D5D45216-018B-401F-80B0-6904F65D6C27}.Release|Any CPU.ActiveCfg = Release|Any CPU
		{D5D45216-018B-401F-80B0-6904F65D6C27}.Release|Any CPU.Build.0 = Release|Any CPU
		{6B1F172D-FF27-4A3D-99EE-4BE7BBED423D}.Debug|Any CPU.ActiveCfg = Debug|Any CPU
		{6B1F172D-FF27-4A3D-99EE-4BE7BBED423D}.Debug|Any CPU.Build.0 = Debug|Any CPU
		{6B1F172D-FF27-4A3D-99EE-4BE7BBED423D}.Release|Any CPU.ActiveCfg = Release|Any CPU
		{6B1F172D-FF27-4A3D-99EE-4BE7BBED423D}.Release|Any CPU.Build.0 = Release|Any CPU
		{079F6B1C-89FD-437B-832D-DD78AF4EEA23}.Debug|Any CPU.ActiveCfg = Debug|Any CPU
		{079F6B1C-89FD-437B-832D-DD78AF4EEA23}.Debug|Any CPU.Build.0 = Debug|Any CPU
		{079F6B1C-89FD-437B-832D-DD78AF4EEA23}.Release|Any CPU.ActiveCfg = Release|Any CPU
		{079F6B1C-89FD-437B-832D-DD78AF4EEA23}.Release|Any CPU.Build.0 = Release|Any CPU
		{B033D9EF-43AC-480F-84A1-7F2020DD71A7}.Debug|Any CPU.ActiveCfg = Debug|Any CPU
		{B033D9EF-43AC-480F-84A1-7F2020DD71A7}.Debug|Any CPU.Build.0 = Debug|Any CPU
		{B033D9EF-43AC-480F-84A1-7F2020DD71A7}.Release|Any CPU.ActiveCfg = Release|Any CPU
		{B033D9EF-43AC-480F-84A1-7F2020DD71A7}.Release|Any CPU.Build.0 = Release|Any CPU
	EndGlobalSection
	GlobalSection(SolutionProperties) = preSolution
		HideSolutionNode = FALSE
	EndGlobalSection
	GlobalSection(NestedProjects) = preSolution
		{DC3B9987-AE75-4612-B2F4-72BA65A56485} = {78652819-E746-46C1-B3B4-5FFC52C078BC}
		{3D4E93D7-2BFC-4C99-B76F-BF5F43E8611D} = {78652819-E746-46C1-B3B4-5FFC52C078BC}
		{76DA7D29-C55F-4A41-8CC0-2013FE58278D} = {78652819-E746-46C1-B3B4-5FFC52C078BC}
		{32F2811E-174F-4A4F-82D2-034AE7062332} = {78652819-E746-46C1-B3B4-5FFC52C078BC}
		{967DAA6D-4A81-4392-8829-22B5A1AD8A05} = {78652819-E746-46C1-B3B4-5FFC52C078BC}
		{C68176AE-9011-4CE0-8511-120B980C03C7} = {78652819-E746-46C1-B3B4-5FFC52C078BC}
		{8EEC62A9-198F-4ABE-80C3-86219FB262C3} = {78652819-E746-46C1-B3B4-5FFC52C078BC}
	EndGlobalSection
	GlobalSection(ExtensibilityGlobals) = postSolution
		SolutionGuid = {CDDA49FA-B05A-4DB3-9900-4C35F2BAB2C6}
	EndGlobalSection
EndGlobal
